
Microsoft Visual Studio Solution File, Format Version 12.00
# Visual Studio Version 16
VisualStudioVersion = 16.0.30711.63
MinimumVisualStudioVersion = 10.0.40219.1
Project("{FAE04EC0-301F-11D3-BF4B-00C04F79EFBC}") = "TorinoWebUI", "TorinoWebUI\TorinoWebUI.csproj", "{6947FA61-449D-4141-8C8A-62AE31F0D240}"
	ProjectSection(ProjectDependencies) = postProject
		{B58AE190-4FB4-405C-9E5C-5B733159E4D7} = {B58AE190-4FB4-405C-9E5C-5B733159E4D7}
		{97A505A1-32E3-42D6-915E-639415BA43A1} = {97A505A1-32E3-42D6-915E-639415BA43A1}
	EndProjectSection
EndProject
Project("{FAE04EC0-301F-11D3-BF4B-00C04F79EFBC}") = "DAL", "DAL\DAL.csproj", "{97A505A1-32E3-42D6-915E-639415BA43A1}"
	ProjectSection(ProjectDependencies) = postProject
		{B58AE190-4FB4-405C-9E5C-5B733159E4D7} = {B58AE190-4FB4-405C-9E5C-5B733159E4D7}
	EndProjectSection
EndProject
Project("{FAE04EC0-301F-11D3-BF4B-00C04F79EFBC}") = "Models", "Models\Models.csproj", "{B58AE190-4FB4-405C-9E5C-5B733159E4D7}"
EndProject
Project("{2150E333-8FDC-42A3-9474-1A3956D46DE8}") = "Solution Items", "Solution Items", "{847A17BB-2BBD-4901-920B-AFD6F0589EB3}"
	ProjectSection(SolutionItems) = preProject
		Script Database.sql = Script Database.sql
	EndProjectSection
EndProject
Global
	GlobalSection(SolutionConfigurationPlatforms) = preSolution
		Debug|Any CPU = Debug|Any CPU
		Release|Any CPU = Release|Any CPU
	EndGlobalSection
	GlobalSection(ProjectConfigurationPlatforms) = postSolution
		{6947FA61-449D-4141-8C8A-62AE31F0D240}.Debug|Any CPU.ActiveCfg = Debug|Any CPU
		{6947FA61-449D-4141-8C8A-62AE31F0D240}.Debug|Any CPU.Build.0 = Debug|Any CPU
		{6947FA61-449D-4141-8C8A-62AE31F0D240}.Release|Any CPU.ActiveCfg = Release|Any CPU
		{6947FA61-449D-4141-8C8A-62AE31F0D240}.Release|Any CPU.Build.0 = Release|Any CPU
		{97A505A1-32E3-42D6-915E-639415BA43A1}.Debug|Any CPU.ActiveCfg = Debug|Any CPU
		{97A505A1-32E3-42D6-915E-639415BA43A1}.Debug|Any CPU.Build.0 = Debug|Any CPU
		{97A505A1-32E3-42D6-915E-639415BA43A1}.Release|Any CPU.ActiveCfg = Release|Any CPU
		{97A505A1-32E3-42D6-915E-639415BA43A1}.Release|Any CPU.Build.0 = Release|Any CPU
		{B58AE190-4FB4-405C-9E5C-5B733159E4D7}.Debug|Any CPU.ActiveCfg = Debug|Any CPU
		{B58AE190-4FB4-405C-9E5C-5B733159E4D7}.Debug|Any CPU.Build.0 = Debug|Any CPU
		{B58AE190-4FB4-405C-9E5C-5B733159E4D7}.Release|Any CPU.ActiveCfg = Release|Any CPU
		{B58AE190-4FB4-405C-9E5C-5B733159E4D7}.Release|Any CPU.Build.0 = Release|Any CPU
	EndGlobalSection
	GlobalSection(SolutionProperties) = preSolution
		HideSolutionNode = FALSE
	EndGlobalSection
	GlobalSection(ExtensibilityGlobals) = postSolution
		SolutionGuid = {34602E80-DC2F-4391-BC20-70198F91BE04}
	EndGlobalSection
EndGlobal
